
Microsoft Visual Studio Solution File, Format Version 12.00
# Visual Studio Version 17
VisualStudioVersion = 17.8.34330.188
MinimumVisualStudioVersion = 10.0.40219.1
Project("{9A19103F-16F7-4668-BE54-9A1E7A4F7556}") = "NoMercy.Server", "NoMercy.Server\NoMercy.Server.csproj", "{47124CDA-F9CD-484A-A44A-0D8FB7D4DAD8}"
EndProject
Project("{FAE04EC0-301F-11D3-BF4B-00C04F79EFBC}") = "NoMercy.Providers", "NoMercy.Providers\NoMercy.Providers.csproj", "{1AF4521B-CA63-4CE0-B882-EAD8C021FC3E}"
EndProject
Project("{FAE04EC0-301F-11D3-BF4B-00C04F79EFBC}") = "NoMercy.Database", "NoMercy.Database\NoMercy.Database.csproj", "{B4E58865-BC40-4C6E-9B31-249662221211}"
EndProject
Project("{FAE04EC0-301F-11D3-BF4B-00C04F79EFBC}") = "NoMercy.Helpers", "NoMercy.Helpers\NoMercy.Helpers.csproj", "{3C3F952E-B375-42CF-94B1-2AC2EA34501C}"
EndProject
Project("{FAE04EC0-301F-11D3-BF4B-00C04F79EFBC}") = "NoMercy.Queue", "NoMercy.Queue\NoMercy.Queue.csproj", "{95467049-E266-47E1-9D54-3DD8F5218D3E}"
EndProject
Global
	GlobalSection(SolutionConfigurationPlatforms) = preSolution
		Debug|Any CPU = Debug|Any CPU
		Release|Any CPU = Release|Any CPU
	EndGlobalSection
	GlobalSection(ProjectConfigurationPlatforms) = postSolution
		{47124CDA-F9CD-484A-A44A-0D8FB7D4DAD8}.Debug|Any CPU.ActiveCfg = Debug|Any CPU
		{47124CDA-F9CD-484A-A44A-0D8FB7D4DAD8}.Debug|Any CPU.Build.0 = Debug|Any CPU
		{47124CDA-F9CD-484A-A44A-0D8FB7D4DAD8}.Release|Any CPU.ActiveCfg = Release|Any CPU
		{47124CDA-F9CD-484A-A44A-0D8FB7D4DAD8}.Release|Any CPU.Build.0 = Release|Any CPU
		{1AF4521B-CA63-4CE0-B882-EAD8C021FC3E}.Debug|Any CPU.ActiveCfg = Debug|Any CPU
		{1AF4521B-CA63-4CE0-B882-EAD8C021FC3E}.Debug|Any CPU.Build.0 = Debug|Any CPU
		{1AF4521B-CA63-4CE0-B882-EAD8C021FC3E}.Release|Any CPU.ActiveCfg = Release|Any CPU
		{1AF4521B-CA63-4CE0-B882-EAD8C021FC3E}.Release|Any CPU.Build.0 = Release|Any CPU
		{B4E58865-BC40-4C6E-9B31-249662221211}.Debug|Any CPU.ActiveCfg = Debug|Any CPU
		{B4E58865-BC40-4C6E-9B31-249662221211}.Debug|Any CPU.Build.0 = Debug|Any CPU
		{B4E58865-BC40-4C6E-9B31-249662221211}.Release|Any CPU.ActiveCfg = Release|Any CPU
		{B4E58865-BC40-4C6E-9B31-249662221211}.Release|Any CPU.Build.0 = Release|Any CPU
		{3C3F952E-B375-42CF-94B1-2AC2EA34501C}.Debug|Any CPU.ActiveCfg = Debug|Any CPU
		{3C3F952E-B375-42CF-94B1-2AC2EA34501C}.Debug|Any CPU.Build.0 = Debug|Any CPU
		{3C3F952E-B375-42CF-94B1-2AC2EA34501C}.Release|Any CPU.ActiveCfg = Release|Any CPU
		{3C3F952E-B375-42CF-94B1-2AC2EA34501C}.Release|Any CPU.Build.0 = Release|Any CPU
		{95467049-E266-47E1-9D54-3DD8F5218D3E}.Debug|Any CPU.ActiveCfg = Debug|Any CPU
		{95467049-E266-47E1-9D54-3DD8F5218D3E}.Debug|Any CPU.Build.0 = Debug|Any CPU
		{95467049-E266-47E1-9D54-3DD8F5218D3E}.Release|Any CPU.ActiveCfg = Release|Any CPU
		{95467049-E266-47E1-9D54-3DD8F5218D3E}.Release|Any CPU.Build.0 = Release|Any CPU
	EndGlobalSection
	GlobalSection(SolutionProperties) = preSolution
		HideSolutionNode = FALSE
	EndGlobalSection
	GlobalSection(ExtensibilityGlobals) = postSolution
		SolutionGuid = {22D7A0A2-2627-4892-8844-22A1F8DFF0C3}
	EndGlobalSection
EndGlobal
